
Microsoft Visual Studio Solution File, Format Version 12.00
# Visual Studio Version 17
VisualStudioVersion = 17.14.36603.0
MinimumVisualStudioVersion = 10.0.40219.1
Project("{FAE04EC0-301F-11D3-BF4B-00C04F79EFBC}") = "RealEstate.DAL", "RealEstate.DAL\RealEstate.DAL.csproj", "{83977B6C-C5C5-48F2-BE31-309C379F57D9}"
EndProject
Project("{FAE04EC0-301F-11D3-BF4B-00C04F79EFBC}") = "RealEstate.API", "RealEstate.API\RealEstate.API.csproj", "{130FEDC7-F3B8-4A16-B483-C196F4BF5D6F}"
EndProject
Project("{FAE04EC0-301F-11D3-BF4B-00C04F79EFBC}") = "RealEstate.ApplicationLayer", "RealEstate.ApplicationLayer\RealEstate.ApplicationLayer.csproj", "{A5E9E953-ED82-493E-A87A-57FAC3DA7EDA}"
EndProject
Global
	GlobalSection(SolutionConfigurationPlatforms) = preSolution
		Debug|Any CPU = Debug|Any CPU
		Release|Any CPU = Release|Any CPU
	EndGlobalSection
	GlobalSection(ProjectConfigurationPlatforms) = postSolution
		{83977B6C-C5C5-48F2-BE31-309C379F57D9}.Debug|Any CPU.ActiveCfg = Debug|Any CPU
		{83977B6C-C5C5-48F2-BE31-309C379F57D9}.Debug|Any CPU.Build.0 = Debug|Any CPU
		{83977B6C-C5C5-48F2-BE31-309C379F57D9}.Release|Any CPU.ActiveCfg = Release|Any CPU
		{83977B6C-C5C5-48F2-BE31-309C379F57D9}.Release|Any CPU.Build.0 = Release|Any CPU
		{130FEDC7-F3B8-4A16-B483-C196F4BF5D6F}.Debug|Any CPU.ActiveCfg = Debug|Any CPU
		{130FEDC7-F3B8-4A16-B483-C196F4BF5D6F}.Debug|Any CPU.Build.0 = Debug|Any CPU
		{130FEDC7-F3B8-4A16-B483-C196F4BF5D6F}.Release|Any CPU.ActiveCfg = Release|Any CPU
		{130FEDC7-F3B8-4A16-B483-C196F4BF5D6F}.Release|Any CPU.Build.0 = Release|Any CPU
		{A5E9E953-ED82-493E-A87A-57FAC3DA7EDA}.Debug|Any CPU.ActiveCfg = Debug|Any CPU
		{A5E9E953-ED82-493E-A87A-57FAC3DA7EDA}.Debug|Any CPU.Build.0 = Debug|Any CPU
		{A5E9E953-ED82-493E-A87A-57FAC3DA7EDA}.Release|Any CPU.ActiveCfg = Release|Any CPU
		{A5E9E953-ED82-493E-A87A-57FAC3DA7EDA}.Release|Any CPU.Build.0 = Release|Any CPU
	EndGlobalSection
	GlobalSection(SolutionProperties) = preSolution
		HideSolutionNode = FALSE
	EndGlobalSection
	GlobalSection(ExtensibilityGlobals) = postSolution
		SolutionGuid = {C67F3C61-BEE6-4F50-AD96-FE88027AE332}
	EndGlobalSection
EndGlobal
